
Microsoft Visual Studio Solution File, Format Version 12.00
# Visual Studio Version 17
VisualStudioVersion = 17.14.36414.22
MinimumVisualStudioVersion = 10.0.40219.1
Project("{2150E333-8FDC-42A3-9474-1A3956D46DE8}") = "Task0", "Task0", "{02EA681E-C7D8-13C7-8484-4AC65E1B71E8}"
EndProject
Project("{FAE04EC0-301F-11D3-BF4B-00C04F79EFBC}") = "Tyuiu.BabenkovTO.Sprint3.Task0.V25", "Tyuiu.BabenkovTO.Sprint3.Task0.V25\Tyuiu.BabenkovTO.Sprint3.Task0.V25.csproj", "{E660B1B5-3B96-4556-82EF-92EEF2A8A362}"
EndProject
Project("{FAE04EC0-301F-11D3-BF4B-00C04F79EFBC}") = "Tyuiu.BabenkovTO.Sprint3.Task0.V25.Lib", "Tyuiu.BabenkovTO.Sprint3.Task0.V25.Lib\Tyuiu.BabenkovTO.Sprint3.Task0.V25.Lib.csproj", "{FD0B0841-5027-4A30-AFF4-59B97E6B12F8}"
EndProject
Project("{FAE04EC0-301F-11D3-BF4B-00C04F79EFBC}") = "Tyuiu.BabenkovTO.Sprint3.Task0.V25.Test", "Tyuiu.BabenkovTO.Sprint3.Task0.V25.Test\Tyuiu.BabenkovTO.Sprint3.Task0.V25.Test.csproj", "{36D8A0E7-191D-445B-BEFF-49C847FF2E5A}"
EndProject
Project("{2150E333-8FDC-42A3-9474-1A3956D46DE8}") = "Task1", "Task1", "{3A75853C-C78B-4F18-BCF3-C89746E41DA6}"
EndProject
Project("{FAE04EC0-301F-11D3-BF4B-00C04F79EFBC}") = "Tyuiu.BabenkovTO.Sprint3.Task1.V4", "Tyuiu.BabenkovTO.Sprint3.Task1.V4\Tyuiu.BabenkovTO.Sprint3.Task1.V4.csproj", "{D159A50D-E855-4FF9-81E5-C058BC9EDD16}"
EndProject
Project("{FAE04EC0-301F-11D3-BF4B-00C04F79EFBC}") = "Tyuiu.BabenkovTO.Sprint3.Task1.V4.Lib", "Tyuiu.BabenkovTO.Sprint3.Task1.V4.Lib\Tyuiu.BabenkovTO.Sprint3.Task1.V4.Lib.csproj", "{4B8EE0F4-55D6-49FE-8557-952D0A261B3C}"
EndProject
Project("{FAE04EC0-301F-11D3-BF4B-00C04F79EFBC}") = "Tyuiu.BabenkovTO.Sprint3.Task1.V4.Test", "Tyuiu.BabenkovTO.Sprint3.Task1.V4.Test\Tyuiu.BabenkovTO.Sprint3.Task1.V4.Test.csproj", "{0C7E72FB-67DA-4F3D-A2EC-50896845E8A6}"
EndProject
Project("{2150E333-8FDC-42A3-9474-1A3956D46DE8}") = "Task2", "Task2", "{0E35D5E6-00E1-4370-A13E-A85E317FC678}"
EndProject
Project("{FAE04EC0-301F-11D3-BF4B-00C04F79EFBC}") = "Tyuiu.BabenkovTO.Sprint3.Task2.V10", "Tyuiu.BabenkovTO.Sprint3.Task2.V10\Tyuiu.BabenkovTO.Sprint3.Task2.V10.csproj", "{F00F7201-E319-4557-B104-DE0B9EF09293}"
EndProject
Project("{FAE04EC0-301F-11D3-BF4B-00C04F79EFBC}") = "Tyuiu.BabenkovTO.Sprint3.Task2.V10.Lib", "Tyuiu.BabenkovTO.Sprint3.Task2.V10.Lib\Tyuiu.BabenkovTO.Sprint3.Task2.V10.Lib.csproj", "{DCFE3A04-53B2-4D32-8B9C-333210F2E0F2}"
EndProject
Project("{FAE04EC0-301F-11D3-BF4B-00C04F79EFBC}") = "Tyuiu.BabenkovTO.Sprint3.Task2.V10.Test", "Tyuiu.BabenkovTO.Sprint3.Task2.V10.Test\Tyuiu.BabenkovTO.Sprint3.Task2.V10.Test.csproj", "{1272E794-E8EA-47E1-8083-4D9A6FEBC4A4}"
EndProject
Global
	GlobalSection(SolutionConfigurationPlatforms) = preSolution
		Debug|Any CPU = Debug|Any CPU
		Release|Any CPU = Release|Any CPU
	EndGlobalSection
	GlobalSection(ProjectConfigurationPlatforms) = postSolution
		{E660B1B5-3B96-4556-82EF-92EEF2A8A362}.Debug|Any CPU.ActiveCfg = Debug|Any CPU
		{E660B1B5-3B96-4556-82EF-92EEF2A8A362}.Debug|Any CPU.Build.0 = Debug|Any CPU
		{E660B1B5-3B96-4556-82EF-92EEF2A8A362}.Release|Any CPU.ActiveCfg = Release|Any CPU
		{E660B1B5-3B96-4556-82EF-92EEF2A8A362}.Release|Any CPU.Build.0 = Release|Any CPU
		{FD0B0841-5027-4A30-AFF4-59B97E6B12F8}.Debug|Any CPU.ActiveCfg = Debug|Any CPU
		{FD0B0841-5027-4A30-AFF4-59B97E6B12F8}.Debug|Any CPU.Build.0 = Debug|Any CPU
		{FD0B0841-5027-4A30-AFF4-59B97E6B12F8}.Release|Any CPU.ActiveCfg = Release|Any CPU
		{FD0B0841-5027-4A30-AFF4-59B97E6B12F8}.Release|Any CPU.Build.0 = Release|Any CPU
		{36D8A0E7-191D-445B-BEFF-49C847FF2E5A}.Debug|Any CPU.ActiveCfg = Debug|Any CPU
		{36D8A0E7-191D-445B-BEFF-49C847FF2E5A}.Debug|Any CPU.Build.0 = Debug|Any CPU
		{36D8A0E7-191D-445B-BEFF-49C847FF2E5A}.Release|Any CPU.ActiveCfg = Release|Any CPU
		{36D8A0E7-191D-445B-BEFF-49C847FF2E5A}.Release|Any CPU.Build.0 = Release|Any CPU
		{D159A50D-E855-4FF9-81E5-C058BC9EDD16}.Debug|Any CPU.ActiveCfg = Debug|Any CPU
		{D159A50D-E855-4FF9-81E5-C058BC9EDD16}.Debug|Any CPU.Build.0 = Debug|Any CPU
		{D159A50D-E855-4FF9-81E5-C058BC9EDD16}.Release|Any CPU.ActiveCfg = Release|Any CPU
		{D159A50D-E855-4FF9-81E5-C058BC9EDD16}.Release|Any CPU.Build.0 = Release|Any CPU
		{4B8EE0F4-55D6-49FE-8557-952D0A261B3C}.Debug|Any CPU.ActiveCfg = Debug|Any CPU
		{4B8EE0F4-55D6-49FE-8557-952D0A261B3C}.Debug|Any CPU.Build.0 = Debug|Any CPU
		{4B8EE0F4-55D6-49FE-8557-952D0A261B3C}.Release|Any CPU.ActiveCfg = Release|Any CPU
		{4B8EE0F4-55D6-49FE-8557-952D0A261B3C}.Release|Any CPU.Build.0 = Release|Any CPU
		{0C7E72FB-67DA-4F3D-A2EC-50896845E8A6}.Debug|Any CPU.ActiveCfg = Debug|Any CPU
		{0C7E72FB-67DA-4F3D-A2EC-50896845E8A6}.Debug|Any CPU.Build.0 = Debug|Any CPU
		{0C7E72FB-67DA-4F3D-A2EC-50896845E8A6}.Release|Any CPU.ActiveCfg = Release|Any CPU
		{0C7E72FB-67DA-4F3D-A2EC-50896845E8A6}.Release|Any CPU.Build.0 = Release|Any CPU
		{F00F7201-E319-4557-B104-DE0B9EF09293}.Debug|Any CPU.ActiveCfg = Debug|Any CPU
		{F00F7201-E319-4557-B104-DE0B9EF09293}.Debug|Any CPU.Build.0 = Debug|Any CPU
		{F00F7201-E319-4557-B104-DE0B9EF09293}.Release|Any CPU.ActiveCfg = Release|Any CPU
		{F00F7201-E319-4557-B104-DE0B9EF09293}.Release|Any CPU.Build.0 = Release|Any CPU
		{DCFE3A04-53B2-4D32-8B9C-333210F2E0F2}.Debug|Any CPU.ActiveCfg = Debug|Any CPU
		{DCFE3A04-53B2-4D32-8B9C-333210F2E0F2}.Debug|Any CPU.Build.0 = Debug|Any CPU
		{DCFE3A04-53B2-4D32-8B9C-333210F2E0F2}.Release|Any CPU.ActiveCfg = Release|Any CPU
		{DCFE3A04-53B2-4D32-8B9C-333210F2E0F2}.Release|Any CPU.Build.0 = Release|Any CPU
		{1272E794-E8EA-47E1-8083-4D9A6FEBC4A4}.Debug|Any CPU.ActiveCfg = Debug|Any CPU
		{1272E794-E8EA-47E1-8083-4D9A6FEBC4A4}.Debug|Any CPU.Build.0 = Debug|Any CPU
		{1272E794-E8EA-47E1-8083-4D9A6FEBC4A4}.Release|Any CPU.ActiveCfg = Release|Any CPU
		{1272E794-E8EA-47E1-8083-4D9A6FEBC4A4}.Release|Any CPU.Build.0 = Release|Any CPU
	EndGlobalSection
	GlobalSection(SolutionProperties) = preSolution
		HideSolutionNode = FALSE
	EndGlobalSection
	GlobalSection(NestedProjects) = preSolution
		{E660B1B5-3B96-4556-82EF-92EEF2A8A362} = {02EA681E-C7D8-13C7-8484-4AC65E1B71E8}
		{FD0B0841-5027-4A30-AFF4-59B97E6B12F8} = {02EA681E-C7D8-13C7-8484-4AC65E1B71E8}
		{36D8A0E7-191D-445B-BEFF-49C847FF2E5A} = {02EA681E-C7D8-13C7-8484-4AC65E1B71E8}
		{D159A50D-E855-4FF9-81E5-C058BC9EDD16} = {3A75853C-C78B-4F18-BCF3-C89746E41DA6}
		{4B8EE0F4-55D6-49FE-8557-952D0A261B3C} = {3A75853C-C78B-4F18-BCF3-C89746E41DA6}
		{0C7E72FB-67DA-4F3D-A2EC-50896845E8A6} = {3A75853C-C78B-4F18-BCF3-C89746E41DA6}
		{F00F7201-E319-4557-B104-DE0B9EF09293} = {0E35D5E6-00E1-4370-A13E-A85E317FC678}
		{DCFE3A04-53B2-4D32-8B9C-333210F2E0F2} = {0E35D5E6-00E1-4370-A13E-A85E317FC678}
		{1272E794-E8EA-47E1-8083-4D9A6FEBC4A4} = {0E35D5E6-00E1-4370-A13E-A85E317FC678}
	EndGlobalSection
	GlobalSection(ExtensibilityGlobals) = postSolution
		SolutionGuid = {A1B9B77C-91A3-4BEA-B6AA-A486A887A794}
	EndGlobalSection
EndGlobal
