
Microsoft Visual Studio Solution File, Format Version 12.00
# Visual Studio Version 17
VisualStudioVersion = 17.14.36414.22
MinimumVisualStudioVersion = 10.0.40219.1
Project("{2150E333-8FDC-42A3-9474-1A3956D46DE8}") = "Task0", "Task0", "{02EA681E-C7D8-13C7-8484-4AC65E1B71E8}"
EndProject
Project("{FAE04EC0-301F-11D3-BF4B-00C04F79EFBC}") = "Tyuiu.BabenkovTO.Sprint3.Task0.V25", "Tyuiu.BabenkovTO.Sprint3.Task0.V25\Tyuiu.BabenkovTO.Sprint3.Task0.V25.csproj", "{E660B1B5-3B96-4556-82EF-92EEF2A8A362}"
EndProject
Project("{FAE04EC0-301F-11D3-BF4B-00C04F79EFBC}") = "Tyuiu.BabenkovTO.Sprint3.Task0.V25.Lib", "Tyuiu.BabenkovTO.Sprint3.Task0.V25.Lib\Tyuiu.BabenkovTO.Sprint3.Task0.V25.Lib.csproj", "{FD0B0841-5027-4A30-AFF4-59B97E6B12F8}"
EndProject
Project("{FAE04EC0-301F-11D3-BF4B-00C04F79EFBC}") = "Tyuiu.BabenkovTO.Sprint3.Task0.V25.Test", "Tyuiu.BabenkovTO.Sprint3.Task0.V25.Test\Tyuiu.BabenkovTO.Sprint3.Task0.V25.Test.csproj", "{36D8A0E7-191D-445B-BEFF-49C847FF2E5A}"
EndProject
Project("{2150E333-8FDC-42A3-9474-1A3956D46DE8}") = "Task1", "Task1", "{3A75853C-C78B-4F18-BCF3-C89746E41DA6}"
EndProject
Project("{FAE04EC0-301F-11D3-BF4B-00C04F79EFBC}") = "Tyuiu.BabenkovTO.Sprint3.Task1.V4", "Tyuiu.BabenkovTO.Sprint3.Task1.V4\Tyuiu.BabenkovTO.Sprint3.Task1.V4.csproj", "{D159A50D-E855-4FF9-81E5-C058BC9EDD16}"
EndProject
Project("{FAE04EC0-301F-11D3-BF4B-00C04F79EFBC}") = "Tyuiu.BabenkovTO.Sprint3.Task1.V4.Lib", "Tyuiu.BabenkovTO.Sprint3.Task1.V4.Lib\Tyuiu.BabenkovTO.Sprint3.Task1.V4.Lib.csproj", "{4B8EE0F4-55D6-49FE-8557-952D0A261B3C}"
EndProject
Project("{FAE04EC0-301F-11D3-BF4B-00C04F79EFBC}") = "Tyuiu.BabenkovTO.Sprint3.Task1.V4.Test", "Tyuiu.BabenkovTO.Sprint3.Task1.V4.Test\Tyuiu.BabenkovTO.Sprint3.Task1.V4.Test.csproj", "{0C7E72FB-67DA-4F3D-A2EC-50896845E8A6}"
EndProject
Project("{2150E333-8FDC-42A3-9474-1A3956D46DE8}") = "Task2", "Task2", "{0E35D5E6-00E1-4370-A13E-A85E317FC678}"
EndProject
Project("{FAE04EC0-301F-11D3-BF4B-00C04F79EFBC}") = "Tyuiu.BabenkovTO.Sprint3.Task2.V10", "Tyuiu.BabenkovTO.Sprint3.Task2.V10\Tyuiu.BabenkovTO.Sprint3.Task2.V10.csproj", "{F00F7201-E319-4557-B104-DE0B9EF09293}"
EndProject
Project("{FAE04EC0-301F-11D3-BF4B-00C04F79EFBC}") = "Tyuiu.BabenkovTO.Sprint3.Task2.V10.Lib", "Tyuiu.BabenkovTO.Sprint3.Task2.V10.Lib\Tyuiu.BabenkovTO.Sprint3.Task2.V10.Lib.csproj", "{DCFE3A04-53B2-4D32-8B9C-333210F2E0F2}"
EndProject
Project("{FAE04EC0-301F-11D3-BF4B-00C04F79EFBC}") = "Tyuiu.BabenkovTO.Sprint3.Task2.V10.Test", "Tyuiu.BabenkovTO.Sprint3.Task2.V10.Test\Tyuiu.BabenkovTO.Sprint3.Task2.V10.Test.csproj", "{1272E794-E8EA-47E1-8083-4D9A6FEBC4A4}"
EndProject
Project("{2150E333-8FDC-42A3-9474-1A3956D46DE8}") = "Task3", "Task3", "{5B8D31DE-218E-4DB8-91E5-6CC1B50749F3}"
EndProject
Project("{FAE04EC0-301F-11D3-BF4B-00C04F79EFBC}") = "Tyuiu.BabenkovTO.Sprint3.Task3.V7", "Tyuiu.BabenkovTO.Sprint3.Task3.V7\Tyuiu.BabenkovTO.Sprint3.Task3.V7.csproj", "{AEB609B9-5421-4B9E-8E7C-58CF1A092233}"
EndProject
Project("{FAE04EC0-301F-11D3-BF4B-00C04F79EFBC}") = "Tyuiu.BabenkovTO.Sprint3.Task3.V7.Lib", "Tyuiu.BabenkovTO.Sprint3.Task3.V7.Lib\Tyuiu.BabenkovTO.Sprint3.Task3.V7.Lib.csproj", "{51CD589E-6849-42DC-B892-8349C2FB2A88}"
EndProject
Project("{FAE04EC0-301F-11D3-BF4B-00C04F79EFBC}") = "Tyuiu.BabenkovTO.Sprint3.Task3.V7.Test", "Tyuiu.BabenkovTO.Sprint3.Task3.V7.Test\Tyuiu.BabenkovTO.Sprint3.Task3.V7.Test.csproj", "{65FBF762-1E59-4859-BFAE-838BFB224E9D}"
EndProject
Project("{2150E333-8FDC-42A3-9474-1A3956D46DE8}") = "Task4", "Task4", "{68725A99-B4EF-434D-AC31-5C557E838184}"
EndProject
Project("{FAE04EC0-301F-11D3-BF4B-00C04F79EFBC}") = "Tyuiu.BabenkovTO.Sprint3.Task4.V5", "Tyuiu.BabenkovTO.Sprint3.Task4.V5\Tyuiu.BabenkovTO.Sprint3.Task4.V5.csproj", "{31B80D92-F4A4-4E82-B656-ADBAF5DBA0FC}"
EndProject
Project("{FAE04EC0-301F-11D3-BF4B-00C04F79EFBC}") = "Tyuiu.BabenkovTO.Sprint3.Task4.V5.Lib", "Tyuiu.BabenkovTO.Sprint3.Task4.V5.Lib\Tyuiu.BabenkovTO.Sprint3.Task4.V5.Lib.csproj", "{A2C56925-3FAD-4DFF-919B-B391828F7107}"
EndProject
Project("{FAE04EC0-301F-11D3-BF4B-00C04F79EFBC}") = "Tyuiu.BabenkovTO.Sprint3.Task4.V5.Test", "Tyuiu.BabenkovTO.Sprint3.Task4.V5.Test\Tyuiu.BabenkovTO.Sprint3.Task4.V5.Test.csproj", "{E1FD8669-2A23-4F0B-9404-ECCF17245BB1}"
EndProject
Project("{2150E333-8FDC-42A3-9474-1A3956D46DE8}") = "Task5", "Task5", "{E3C3C0EF-0F22-41CB-9EF8-6DB09F7399C9}"
EndProject
Project("{FAE04EC0-301F-11D3-BF4B-00C04F79EFBC}") = "Tyuiu.BabenkovTO.Sprint3.Task5.V5", "Tyuiu.BabenkovTO.Sprint3.Task5.V5\Tyuiu.BabenkovTO.Sprint3.Task5.V5.csproj", "{AC403ECD-5634-40E0-A88E-06B6ED156587}"
EndProject
Project("{FAE04EC0-301F-11D3-BF4B-00C04F79EFBC}") = "Tyuiu.BabenkovTO.Sprint3.Task5.V5.Lib", "Tyuiu.BabenkovTO.Sprint3.Task5.V5.Lib\Tyuiu.BabenkovTO.Sprint3.Task5.V5.Lib.csproj", "{9D0A8042-E6B0-4250-B499-073853658403}"
EndProject
Project("{FAE04EC0-301F-11D3-BF4B-00C04F79EFBC}") = "Tyuiu.BabenkovTO.Sprint3.Task5.V5.Test", "Tyuiu.BabenkovTO.Sprint3.Task5.V5.Test\Tyuiu.BabenkovTO.Sprint3.Task5.V5.Test.csproj", "{0DAA2C69-FEE2-4D5B-8D05-7BFAFE16D750}"
EndProject
Project("{2150E333-8FDC-42A3-9474-1A3956D46DE8}") = "Task6", "Task6", "{6CEB2F48-FD6C-4F7F-A773-D668D1293A3D}"
EndProject
Project("{FAE04EC0-301F-11D3-BF4B-00C04F79EFBC}") = "Tyuiu.BabenkovTO.Sprint3.Task6.V19", "Tyuiu.BabenkovTO.Sprint3.Task6.V19\Tyuiu.BabenkovTO.Sprint3.Task6.V19.csproj", "{B15614D0-2B81-4318-AE66-64B77FD9EF8A}"
EndProject
Project("{FAE04EC0-301F-11D3-BF4B-00C04F79EFBC}") = "Tyuiu.BabenkovTO.Sprint3.Task6.V19.Lib", "Tyuiu.BabenkovTO.Sprint3.Task6.V19.Lib\Tyuiu.BabenkovTO.Sprint3.Task6.V19.Lib.csproj", "{F480D850-01C3-4E6D-AA29-FF5C5CFD53D9}"
EndProject
Project("{FAE04EC0-301F-11D3-BF4B-00C04F79EFBC}") = "Tyuiu.BabenkovTO.Sprint3.Task6.V19.Test", "Tyuiu.BabenkovTO.Sprint3.Task6.V19.Test\Tyuiu.BabenkovTO.Sprint3.Task6.V19.Test.csproj", "{290197F0-B4E1-4406-B0BA-3C6114B22AFC}"
EndProject
Project("{2150E333-8FDC-42A3-9474-1A3956D46DE8}") = "Task7", "Task7", "{F9846158-DD89-4868-B937-75118DF828C5}"
EndProject
Project("{FAE04EC0-301F-11D3-BF4B-00C04F79EFBC}") = "Tyuiu.BabenkovTO.Sprint3.Task7.V2", "Tyuiu.BabenkovTO.Sprint3.Task7.V2\Tyuiu.BabenkovTO.Sprint3.Task7.V2.csproj", "{3E2EED43-C8A6-4E03-90DE-9BC3295EDEBB}"
EndProject
Project("{FAE04EC0-301F-11D3-BF4B-00C04F79EFBC}") = "Tyuiu.BabenkovTO.Sprint3.Task7.V2.Lib", "Tyuiu.BabenkovTO.Sprint3.Task7.V2.Lib\Tyuiu.BabenkovTO.Sprint3.Task7.V2.Lib.csproj", "{7C38B639-8D4B-41F0-B890-C60BF586A6AB}"
EndProject
Project("{FAE04EC0-301F-11D3-BF4B-00C04F79EFBC}") = "Tyuiu.BabenkovTO.Sprint3.Task7.V2.Test", "Tyuiu.BabenkovTO.Sprint3.Task7.V2.Test\Tyuiu.BabenkovTO.Sprint3.Task7.V2.Test.csproj", "{FA0684BD-755C-4548-8457-5B1FA77644EA}"
EndProject
Global
	GlobalSection(SolutionConfigurationPlatforms) = preSolution
		Debug|Any CPU = Debug|Any CPU
		Release|Any CPU = Release|Any CPU
	EndGlobalSection
	GlobalSection(ProjectConfigurationPlatforms) = postSolution
		{E660B1B5-3B96-4556-82EF-92EEF2A8A362}.Debug|Any CPU.ActiveCfg = Debug|Any CPU
		{E660B1B5-3B96-4556-82EF-92EEF2A8A362}.Debug|Any CPU.Build.0 = Debug|Any CPU
		{E660B1B5-3B96-4556-82EF-92EEF2A8A362}.Release|Any CPU.ActiveCfg = Release|Any CPU
		{E660B1B5-3B96-4556-82EF-92EEF2A8A362}.Release|Any CPU.Build.0 = Release|Any CPU
		{FD0B0841-5027-4A30-AFF4-59B97E6B12F8}.Debug|Any CPU.ActiveCfg = Debug|Any CPU
		{FD0B0841-5027-4A30-AFF4-59B97E6B12F8}.Debug|Any CPU.Build.0 = Debug|Any CPU
		{FD0B0841-5027-4A30-AFF4-59B97E6B12F8}.Release|Any CPU.ActiveCfg = Release|Any CPU
		{FD0B0841-5027-4A30-AFF4-59B97E6B12F8}.Release|Any CPU.Build.0 = Release|Any CPU
		{36D8A0E7-191D-445B-BEFF-49C847FF2E5A}.Debug|Any CPU.ActiveCfg = Debug|Any CPU
		{36D8A0E7-191D-445B-BEFF-49C847FF2E5A}.Debug|Any CPU.Build.0 = Debug|Any CPU
		{36D8A0E7-191D-445B-BEFF-49C847FF2E5A}.Release|Any CPU.ActiveCfg = Release|Any CPU
		{36D8A0E7-191D-445B-BEFF-49C847FF2E5A}.Release|Any CPU.Build.0 = Release|Any CPU
		{D159A50D-E855-4FF9-81E5-C058BC9EDD16}.Debug|Any CPU.ActiveCfg = Debug|Any CPU
		{D159A50D-E855-4FF9-81E5-C058BC9EDD16}.Debug|Any CPU.Build.0 = Debug|Any CPU
		{D159A50D-E855-4FF9-81E5-C058BC9EDD16}.Release|Any CPU.ActiveCfg = Release|Any CPU
		{D159A50D-E855-4FF9-81E5-C058BC9EDD16}.Release|Any CPU.Build.0 = Release|Any CPU
		{4B8EE0F4-55D6-49FE-8557-952D0A261B3C}.Debug|Any CPU.ActiveCfg = Debug|Any CPU
		{4B8EE0F4-55D6-49FE-8557-952D0A261B3C}.Debug|Any CPU.Build.0 = Debug|Any CPU
		{4B8EE0F4-55D6-49FE-8557-952D0A261B3C}.Release|Any CPU.ActiveCfg = Release|Any CPU
		{4B8EE0F4-55D6-49FE-8557-952D0A261B3C}.Release|Any CPU.Build.0 = Release|Any CPU
		{0C7E72FB-67DA-4F3D-A2EC-50896845E8A6}.Debug|Any CPU.ActiveCfg = Debug|Any CPU
		{0C7E72FB-67DA-4F3D-A2EC-50896845E8A6}.Debug|Any CPU.Build.0 = Debug|Any CPU
		{0C7E72FB-67DA-4F3D-A2EC-50896845E8A6}.Release|Any CPU.ActiveCfg = Release|Any CPU
		{0C7E72FB-67DA-4F3D-A2EC-50896845E8A6}.Release|Any CPU.Build.0 = Release|Any CPU
		{F00F7201-E319-4557-B104-DE0B9EF09293}.Debug|Any CPU.ActiveCfg = Debug|Any CPU
		{F00F7201-E319-4557-B104-DE0B9EF09293}.Debug|Any CPU.Build.0 = Debug|Any CPU
		{F00F7201-E319-4557-B104-DE0B9EF09293}.Release|Any CPU.ActiveCfg = Release|Any CPU
		{F00F7201-E319-4557-B104-DE0B9EF09293}.Release|Any CPU.Build.0 = Release|Any CPU
		{DCFE3A04-53B2-4D32-8B9C-333210F2E0F2}.Debug|Any CPU.ActiveCfg = Debug|Any CPU
		{DCFE3A04-53B2-4D32-8B9C-333210F2E0F2}.Debug|Any CPU.Build.0 = Debug|Any CPU
		{DCFE3A04-53B2-4D32-8B9C-333210F2E0F2}.Release|Any CPU.ActiveCfg = Release|Any CPU
		{DCFE3A04-53B2-4D32-8B9C-333210F2E0F2}.Release|Any CPU.Build.0 = Release|Any CPU
		{1272E794-E8EA-47E1-8083-4D9A6FEBC4A4}.Debug|Any CPU.ActiveCfg = Debug|Any CPU
		{1272E794-E8EA-47E1-8083-4D9A6FEBC4A4}.Debug|Any CPU.Build.0 = Debug|Any CPU
		{1272E794-E8EA-47E1-8083-4D9A6FEBC4A4}.Release|Any CPU.ActiveCfg = Release|Any CPU
		{1272E794-E8EA-47E1-8083-4D9A6FEBC4A4}.Release|Any CPU.Build.0 = Release|Any CPU
		{AEB609B9-5421-4B9E-8E7C-58CF1A092233}.Debug|Any CPU.ActiveCfg = Debug|Any CPU
		{AEB609B9-5421-4B9E-8E7C-58CF1A092233}.Debug|Any CPU.Build.0 = Debug|Any CPU
		{AEB609B9-5421-4B9E-8E7C-58CF1A092233}.Release|Any CPU.ActiveCfg = Release|Any CPU
		{AEB609B9-5421-4B9E-8E7C-58CF1A092233}.Release|Any CPU.Build.0 = Release|Any CPU
		{51CD589E-6849-42DC-B892-8349C2FB2A88}.Debug|Any CPU.ActiveCfg = Debug|Any CPU
		{51CD589E-6849-42DC-B892-8349C2FB2A88}.Debug|Any CPU.Build.0 = Debug|Any CPU
		{51CD589E-6849-42DC-B892-8349C2FB2A88}.Release|Any CPU.ActiveCfg = Release|Any CPU
		{51CD589E-6849-42DC-B892-8349C2FB2A88}.Release|Any CPU.Build.0 = Release|Any CPU
		{65FBF762-1E59-4859-BFAE-838BFB224E9D}.Debug|Any CPU.ActiveCfg = Debug|Any CPU
		{65FBF762-1E59-4859-BFAE-838BFB224E9D}.Debug|Any CPU.Build.0 = Debug|Any CPU
		{65FBF762-1E59-4859-BFAE-838BFB224E9D}.Release|Any CPU.ActiveCfg = Release|Any CPU
		{65FBF762-1E59-4859-BFAE-838BFB224E9D}.Release|Any CPU.Build.0 = Release|Any CPU
		{31B80D92-F4A4-4E82-B656-ADBAF5DBA0FC}.Debug|Any CPU.ActiveCfg = Debug|Any CPU
		{31B80D92-F4A4-4E82-B656-ADBAF5DBA0FC}.Debug|Any CPU.Build.0 = Debug|Any CPU
		{31B80D92-F4A4-4E82-B656-ADBAF5DBA0FC}.Release|Any CPU.ActiveCfg = Release|Any CPU
		{31B80D92-F4A4-4E82-B656-ADBAF5DBA0FC}.Release|Any CPU.Build.0 = Release|Any CPU
		{A2C56925-3FAD-4DFF-919B-B391828F7107}.Debug|Any CPU.ActiveCfg = Debug|Any CPU
		{A2C56925-3FAD-4DFF-919B-B391828F7107}.Debug|Any CPU.Build.0 = Debug|Any CPU
		{A2C56925-3FAD-4DFF-919B-B391828F7107}.Release|Any CPU.ActiveCfg = Release|Any CPU
		{A2C56925-3FAD-4DFF-919B-B391828F7107}.Release|Any CPU.Build.0 = Release|Any CPU
		{E1FD8669-2A23-4F0B-9404-ECCF17245BB1}.Debug|Any CPU.ActiveCfg = Debug|Any CPU
		{E1FD8669-2A23-4F0B-9404-ECCF17245BB1}.Debug|Any CPU.Build.0 = Debug|Any CPU
		{E1FD8669-2A23-4F0B-9404-ECCF17245BB1}.Release|Any CPU.ActiveCfg = Release|Any CPU
		{E1FD8669-2A23-4F0B-9404-ECCF17245BB1}.Release|Any CPU.Build.0 = Release|Any CPU
		{AC403ECD-5634-40E0-A88E-06B6ED156587}.Debug|Any CPU.ActiveCfg = Debug|Any CPU
		{AC403ECD-5634-40E0-A88E-06B6ED156587}.Debug|Any CPU.Build.0 = Debug|Any CPU
		{AC403ECD-5634-40E0-A88E-06B6ED156587}.Release|Any CPU.ActiveCfg = Release|Any CPU
		{AC403ECD-5634-40E0-A88E-06B6ED156587}.Release|Any CPU.Build.0 = Release|Any CPU
		{9D0A8042-E6B0-4250-B499-073853658403}.Debug|Any CPU.ActiveCfg = Debug|Any CPU
		{9D0A8042-E6B0-4250-B499-073853658403}.Debug|Any CPU.Build.0 = Debug|Any CPU
		{9D0A8042-E6B0-4250-B499-073853658403}.Release|Any CPU.ActiveCfg = Release|Any CPU
		{9D0A8042-E6B0-4250-B499-073853658403}.Release|Any CPU.Build.0 = Release|Any CPU
		{0DAA2C69-FEE2-4D5B-8D05-7BFAFE16D750}.Debug|Any CPU.ActiveCfg = Debug|Any CPU
		{0DAA2C69-FEE2-4D5B-8D05-7BFAFE16D750}.Debug|Any CPU.Build.0 = Debug|Any CPU
		{0DAA2C69-FEE2-4D5B-8D05-7BFAFE16D750}.Release|Any CPU.ActiveCfg = Release|Any CPU
		{0DAA2C69-FEE2-4D5B-8D05-7BFAFE16D750}.Release|Any CPU.Build.0 = Release|Any CPU
		{B15614D0-2B81-4318-AE66-64B77FD9EF8A}.Debug|Any CPU.ActiveCfg = Debug|Any CPU
		{B15614D0-2B81-4318-AE66-64B77FD9EF8A}.Debug|Any CPU.Build.0 = Debug|Any CPU
		{B15614D0-2B81-4318-AE66-64B77FD9EF8A}.Release|Any CPU.ActiveCfg = Release|Any CPU
		{B15614D0-2B81-4318-AE66-64B77FD9EF8A}.Release|Any CPU.Build.0 = Release|Any CPU
		{F480D850-01C3-4E6D-AA29-FF5C5CFD53D9}.Debug|Any CPU.ActiveCfg = Debug|Any CPU
		{F480D850-01C3-4E6D-AA29-FF5C5CFD53D9}.Debug|Any CPU.Build.0 = Debug|Any CPU
		{F480D850-01C3-4E6D-AA29-FF5C5CFD53D9}.Release|Any CPU.ActiveCfg = Release|Any CPU
		{F480D850-01C3-4E6D-AA29-FF5C5CFD53D9}.Release|Any CPU.Build.0 = Release|Any CPU
		{290197F0-B4E1-4406-B0BA-3C6114B22AFC}.Debug|Any CPU.ActiveCfg = Debug|Any CPU
		{290197F0-B4E1-4406-B0BA-3C6114B22AFC}.Debug|Any CPU.Build.0 = Debug|Any CPU
		{290197F0-B4E1-4406-B0BA-3C6114B22AFC}.Release|Any CPU.ActiveCfg = Release|Any CPU
		{290197F0-B4E1-4406-B0BA-3C6114B22AFC}.Release|Any CPU.Build.0 = Release|Any CPU
		{3E2EED43-C8A6-4E03-90DE-9BC3295EDEBB}.Debug|Any CPU.ActiveCfg = Debug|Any CPU
		{3E2EED43-C8A6-4E03-90DE-9BC3295EDEBB}.Debug|Any CPU.Build.0 = Debug|Any CPU
		{3E2EED43-C8A6-4E03-90DE-9BC3295EDEBB}.Release|Any CPU.ActiveCfg = Release|Any CPU
		{3E2EED43-C8A6-4E03-90DE-9BC3295EDEBB}.Release|Any CPU.Build.0 = Release|Any CPU
		{7C38B639-8D4B-41F0-B890-C60BF586A6AB}.Debug|Any CPU.ActiveCfg = Debug|Any CPU
		{7C38B639-8D4B-41F0-B890-C60BF586A6AB}.Debug|Any CPU.Build.0 = Debug|Any CPU
		{7C38B639-8D4B-41F0-B890-C60BF586A6AB}.Release|Any CPU.ActiveCfg = Release|Any CPU
		{7C38B639-8D4B-41F0-B890-C60BF586A6AB}.Release|Any CPU.Build.0 = Release|Any CPU
		{FA0684BD-755C-4548-8457-5B1FA77644EA}.Debug|Any CPU.ActiveCfg = Debug|Any CPU
		{FA0684BD-755C-4548-8457-5B1FA77644EA}.Debug|Any CPU.Build.0 = Debug|Any CPU
		{FA0684BD-755C-4548-8457-5B1FA77644EA}.Release|Any CPU.ActiveCfg = Release|Any CPU
		{FA0684BD-755C-4548-8457-5B1FA77644EA}.Release|Any CPU.Build.0 = Release|Any CPU
	EndGlobalSection
	GlobalSection(SolutionProperties) = preSolution
		HideSolutionNode = FALSE
	EndGlobalSection
	GlobalSection(NestedProjects) = preSolution
		{E660B1B5-3B96-4556-82EF-92EEF2A8A362} = {02EA681E-C7D8-13C7-8484-4AC65E1B71E8}
		{FD0B0841-5027-4A30-AFF4-59B97E6B12F8} = {02EA681E-C7D8-13C7-8484-4AC65E1B71E8}
		{36D8A0E7-191D-445B-BEFF-49C847FF2E5A} = {02EA681E-C7D8-13C7-8484-4AC65E1B71E8}
		{D159A50D-E855-4FF9-81E5-C058BC9EDD16} = {3A75853C-C78B-4F18-BCF3-C89746E41DA6}
		{4B8EE0F4-55D6-49FE-8557-952D0A261B3C} = {3A75853C-C78B-4F18-BCF3-C89746E41DA6}
		{0C7E72FB-67DA-4F3D-A2EC-50896845E8A6} = {3A75853C-C78B-4F18-BCF3-C89746E41DA6}
		{F00F7201-E319-4557-B104-DE0B9EF09293} = {0E35D5E6-00E1-4370-A13E-A85E317FC678}
		{DCFE3A04-53B2-4D32-8B9C-333210F2E0F2} = {0E35D5E6-00E1-4370-A13E-A85E317FC678}
		{1272E794-E8EA-47E1-8083-4D9A6FEBC4A4} = {0E35D5E6-00E1-4370-A13E-A85E317FC678}
		{AEB609B9-5421-4B9E-8E7C-58CF1A092233} = {5B8D31DE-218E-4DB8-91E5-6CC1B50749F3}
		{51CD589E-6849-42DC-B892-8349C2FB2A88} = {5B8D31DE-218E-4DB8-91E5-6CC1B50749F3}
		{65FBF762-1E59-4859-BFAE-838BFB224E9D} = {5B8D31DE-218E-4DB8-91E5-6CC1B50749F3}
		{31B80D92-F4A4-4E82-B656-ADBAF5DBA0FC} = {68725A99-B4EF-434D-AC31-5C557E838184}
		{A2C56925-3FAD-4DFF-919B-B391828F7107} = {68725A99-B4EF-434D-AC31-5C557E838184}
		{E1FD8669-2A23-4F0B-9404-ECCF17245BB1} = {68725A99-B4EF-434D-AC31-5C557E838184}
		{AC403ECD-5634-40E0-A88E-06B6ED156587} = {E3C3C0EF-0F22-41CB-9EF8-6DB09F7399C9}
		{9D0A8042-E6B0-4250-B499-073853658403} = {E3C3C0EF-0F22-41CB-9EF8-6DB09F7399C9}
		{0DAA2C69-FEE2-4D5B-8D05-7BFAFE16D750} = {E3C3C0EF-0F22-41CB-9EF8-6DB09F7399C9}
		{B15614D0-2B81-4318-AE66-64B77FD9EF8A} = {6CEB2F48-FD6C-4F7F-A773-D668D1293A3D}
		{F480D850-01C3-4E6D-AA29-FF5C5CFD53D9} = {6CEB2F48-FD6C-4F7F-A773-D668D1293A3D}
		{290197F0-B4E1-4406-B0BA-3C6114B22AFC} = {6CEB2F48-FD6C-4F7F-A773-D668D1293A3D}
		{3E2EED43-C8A6-4E03-90DE-9BC3295EDEBB} = {F9846158-DD89-4868-B937-75118DF828C5}
		{7C38B639-8D4B-41F0-B890-C60BF586A6AB} = {F9846158-DD89-4868-B937-75118DF828C5}
		{FA0684BD-755C-4548-8457-5B1FA77644EA} = {F9846158-DD89-4868-B937-75118DF828C5}
	EndGlobalSection
	GlobalSection(ExtensibilityGlobals) = postSolution
		SolutionGuid = {A1B9B77C-91A3-4BEA-B6AA-A486A887A794}
	EndGlobalSection
EndGlobal
